
Microsoft Visual Studio Solution File, Format Version 12.00
# Visual Studio Version 16
VisualStudioVersion = 16.0.30225.117
MinimumVisualStudioVersion = 10.0.40219.1
Project("{FAE04EC0-301F-11D3-BF4B-00C04F79EFBC}") = "WindowsFormsAppTest", "WindowsFormsAppTest.csproj", "{CCD3EE96-0BFD-4B68-9F6E-D242220E13D7}"
EndProject
Project("{54435603-DBB4-11D2-8724-00A0C9A8B90C}") = "windowsInstaller", "..\windowsInstaller\windowsInstaller.vdproj", "{C7C3D59B-79FE-4380-93B0-D29C0BCF1AEA}"
EndProject
Project("{FAE04EC0-301F-11D3-BF4B-00C04F79EFBC}") = "3Lxj", "..\3Lxj\3Lxj.csproj", "{EB7153A7-F34F-4C60-B191-47481C437325}"
EndProject
Global
	GlobalSection(SolutionConfigurationPlatforms) = preSolution
		Debug|Any CPU = Debug|Any CPU
		Release|Any CPU = Release|Any CPU
	EndGlobalSection
	GlobalSection(ProjectConfigurationPlatforms) = postSolution
		{CCD3EE96-0BFD-4B68-9F6E-D242220E13D7}.Debug|Any CPU.ActiveCfg = Debug|Any CPU
		{CCD3EE96-0BFD-4B68-9F6E-D242220E13D7}.Debug|Any CPU.Build.0 = Debug|Any CPU
		{CCD3EE96-0BFD-4B68-9F6E-D242220E13D7}.Release|Any CPU.ActiveCfg = Release|Any CPU
		{CCD3EE96-0BFD-4B68-9F6E-D242220E13D7}.Release|Any CPU.Build.0 = Release|Any CPU
		{C7C3D59B-79FE-4380-93B0-D29C0BCF1AEA}.Debug|Any CPU.ActiveCfg = Debug
		{C7C3D59B-79FE-4380-93B0-D29C0BCF1AEA}.Release|Any CPU.ActiveCfg = Release
		{EB7153A7-F34F-4C60-B191-47481C437325}.Debug|Any CPU.ActiveCfg = Debug|Any CPU
		{EB7153A7-F34F-4C60-B191-47481C437325}.Debug|Any CPU.Build.0 = Debug|Any CPU
		{EB7153A7-F34F-4C60-B191-47481C437325}.Release|Any CPU.ActiveCfg = Release|Any CPU
		{EB7153A7-F34F-4C60-B191-47481C437325}.Release|Any CPU.Build.0 = Release|Any CPU
	EndGlobalSection
	GlobalSection(SolutionProperties) = preSolution
		HideSolutionNode = FALSE
	EndGlobalSection
	GlobalSection(ExtensibilityGlobals) = postSolution
		SolutionGuid = {6FB305F9-902B-4764-9ADF-865892B16131}
	EndGlobalSection
EndGlobal
